
Microsoft Visual Studio Solution File, Format Version 12.00
# Visual Studio Version 17
VisualStudioVersion = 17.8.34408.163
MinimumVisualStudioVersion = 10.0.40219.1
Project("{FAE04EC0-301F-11D3-BF4B-00C04F79EFBC}") = "12345", "12345\12345.csproj", "{8066F700-EF43-4AF7-A13C-F5151A65E36D}"
EndProject
Global
	GlobalSection(SolutionConfigurationPlatforms) = preSolution
		Debug|Any CPU = Debug|Any CPU
		Release|Any CPU = Release|Any CPU
	EndGlobalSection
	GlobalSection(ProjectConfigurationPlatforms) = postSolution
		{8066F700-EF43-4AF7-A13C-F5151A65E36D}.Debug|Any CPU.ActiveCfg = Debug|Any CPU
		{8066F700-EF43-4AF7-A13C-F5151A65E36D}.Debug|Any CPU.Build.0 = Debug|Any CPU
		{8066F700-EF43-4AF7-A13C-F5151A65E36D}.Release|Any CPU.ActiveCfg = Release|Any CPU
		{8066F700-EF43-4AF7-A13C-F5151A65E36D}.Release|Any CPU.Build.0 = Release|Any CPU
	EndGlobalSection
	GlobalSection(SolutionProperties) = preSolution
		HideSolutionNode = FALSE
	EndGlobalSection
	GlobalSection(ExtensibilityGlobals) = postSolution
		SolutionGuid = {D5F733F6-6033-4ABE-9E78-06865A9C1D43}
	EndGlobalSection
EndGlobal
